{
  "../15_naught_coin/lib/openzeppelin-contracts": {
    "rev": "5fd1781b1454fd1ef8e722282f86f9293cacf256"
  },
  "../19_alien_codex/lib/openzeppelin-contracts": {
    "rev": "5fd1781b1454fd1ef8e722282f86f9293cacf256"
  },
  "../22_dex/lib/openzeppelin-contracts": {
    "rev": "5fd1781b1454fd1ef8e722282f86f9293cacf256"
  },
  "../23_dex_two/lib/openzeppelin-contracts": {
    "rev": "5fd1781b1454fd1ef8e722282f86f9293cacf256"
  },
  "ethernaut/15_naught_coin/lib/openzeppelin-contracts": {
    "rev": "5fd1781b1454fd1ef8e722282f86f9293cacf256"
  },
  "ethernaut/19_alien_codex/lib/openzeppelin-contracts": {
    "rev": "5fd1781b1454fd1ef8e722282f86f9293cacf256"
  },
  "ethernaut/22_dex/lib/openzeppelin-contracts": {
    "rev": "5fd1781b1454fd1ef8e722282f86f9293cacf256"
  },
  "ethernaut/23_dex_two/lib/openzeppelin-contracts": {
    "rev": "5fd1781b1454fd1ef8e722282f86f9293cacf256"
  },
  "ethernaut/24_puzzle_wallet/lib/openzeppelin-contracts": {
    "rev": "5fd1781b1454fd1ef8e722282f86f9293cacf256"
  },
  "lib/openzeppelin-contracts": {
    "tag": {
      "name": "v5.6.1",
      "rev": "5fd1781b1454fd1ef8e722282f86f9293cacf256"
    }
  }
}